
Microsoft Visual Studio Solution File, Format Version 12.00
# Visual Studio Version 16
VisualStudioVersion = 16.0.29215.179
MinimumVisualStudioVersion = 10.0.40219.1
Project("{9A19103F-16F7-4668-BE54-9A1E7A4F7556}") = "SDK", "SDK\SDK.csproj", "{25FDC25B-0BB1-4D13-BAD3-C7CAF22B9F70}"
EndProject
Project("{9A19103F-16F7-4668-BE54-9A1E7A4F7556}") = "SDKTest", "SDKTest\SDKTest.csproj", "{FDC8E728-B153-432C-B9CA-309EA38D9AA4}"
EndProject
Project("{2150E333-8FDC-42A3-9474-1A3956D46DE8}") = "Solution Items", "Solution Items", "{D691B1B2-2440-4370-A563-2838A593B0F6}"
	ProjectSection(SolutionItems) = preProject
		README.md = README.md
	EndProjectSection
EndProject
Global
	GlobalSection(SolutionConfigurationPlatforms) = preSolution
		Debug|Any CPU = Debug|Any CPU
		Release|Any CPU = Release|Any CPU
	EndGlobalSection
	GlobalSection(ProjectConfigurationPlatforms) = postSolution
		{25FDC25B-0BB1-4D13-BAD3-C7CAF22B9F70}.Debug|Any CPU.ActiveCfg = Debug|Any CPU
		{25FDC25B-0BB1-4D13-BAD3-C7CAF22B9F70}.Debug|Any CPU.Build.0 = Debug|Any CPU
		{25FDC25B-0BB1-4D13-BAD3-C7CAF22B9F70}.Release|Any CPU.ActiveCfg = Release|Any CPU
		{25FDC25B-0BB1-4D13-BAD3-C7CAF22B9F70}.Release|Any CPU.Build.0 = Release|Any CPU
		{FDC8E728-B153-432C-B9CA-309EA38D9AA4}.Debug|Any CPU.ActiveCfg = Debug|Any CPU
		{FDC8E728-B153-432C-B9CA-309EA38D9AA4}.Debug|Any CPU.Build.0 = Debug|Any CPU
		{FDC8E728-B153-432C-B9CA-309EA38D9AA4}.Release|Any CPU.ActiveCfg = Release|Any CPU
		{FDC8E728-B153-432C-B9CA-309EA38D9AA4}.Release|Any CPU.Build.0 = Release|Any CPU
	EndGlobalSection
	GlobalSection(SolutionProperties) = preSolution
		HideSolutionNode = FALSE
	EndGlobalSection
	GlobalSection(ExtensibilityGlobals) = postSolution
		SolutionGuid = {C4319A8E-D461-49C2-8316-183A334A1F38}
	EndGlobalSection
EndGlobal
